
Microsoft Visual Studio Solution File, Format Version 12.00
# Visual Studio Version 17
VisualStudioVersion = 17.13.35806.99 d17.13
MinimumVisualStudioVersion = 10.0.40219.1
Project("{FAE04EC0-301F-11D3-BF4B-00C04F79EFBC}") = "product", "product.csproj", "{8A03486F-E8BB-4B42-8D38-80E325A2BC50}"
EndProject
Global
	GlobalSection(SolutionConfigurationPlatforms) = preSolution
		Debug|Any CPU = Debug|Any CPU
		Release|Any CPU = Release|Any CPU
	EndGlobalSection
	GlobalSection(ProjectConfigurationPlatforms) = postSolution
		{8A03486F-E8BB-4B42-8D38-80E325A2BC50}.Debug|Any CPU.ActiveCfg = Debug|Any CPU
		{8A03486F-E8BB-4B42-8D38-80E325A2BC50}.Debug|Any CPU.Build.0 = Debug|Any CPU
		{8A03486F-E8BB-4B42-8D38-80E325A2BC50}.Release|Any CPU.ActiveCfg = Release|Any CPU
		{8A03486F-E8BB-4B42-8D38-80E325A2BC50}.Release|Any CPU.Build.0 = Release|Any CPU
	EndGlobalSection
	GlobalSection(SolutionProperties) = preSolution
		HideSolutionNode = FALSE
	EndGlobalSection
	GlobalSection(ExtensibilityGlobals) = postSolution
		SolutionGuid = {3BA7421D-5A61-4368-AB11-371560E36A15}
	EndGlobalSection
EndGlobal
